#
# This file is autogenerated by pip-compile with Python 3.10
# by the following command:
#
#    pip-compile --generate-hashes --output-file=requirements.lock requirements.in
#
amqp==5.3.1 \
    --hash=sha256:43b3319e1b4e7d1251833a93d672b4af1e40f3d632d479b98661a95f117880a2 \
    --hash=sha256:cddc00c725449522023bad949f70fff7b48f0b1ade74d170a6f10ab044739432
    # via kombu
asgiref==3.12.1 \
    --hash=sha256:59dcb51c272ad209d59bed5708a64a333083e86017d7fcdd67498eeab7784340 \
    --hash=sha256:fe386d1c2bff7259ea95929266d12a8cf9a8b5a1c2598402967d8792e7a7c094
    # via django
async-timeout==5.0.1 \
    --hash=sha256:39e3809566ff85354557ec2398b55e096c8364bacac9405a7a1fa429e77fe76c \
    --hash=sha256:d9321a7a3d5a6a5e187e824d2fa0793ce379a202935782d555d6e9d2735677d3
    # via redis
billiard==4.2.4 \
    --hash=sha256:525b42bdec68d2b983347ac312f892db930858495db601b5836ac24e6477cde5 \
    --hash=sha256:55f542c371209e03cd5862299b74e52e4fbcba8250ba611ad94276b369b6a85f
    # via celery
celery[redis]==5.4.0 \
    --hash=sha256:369631eb580cf8c51a82721ec538684994f8277637edde2dfc0dacd73ed97f64 \
    --hash=sha256:504a19140e8d3029d5acad88330c541d4c3f64c789d85f94756762d8bca7e706
    # via -r requirements.in
cffi==2.1.1 \
    --hash=sha256:046bfc24911b37851ee1b51aab8bffe713d89c68c6a057b09484ce9fd5f69b4e \
    --hash=sha256:06c72bb76605a4b0cd0aad6930b69d4baf7dd5d806cfc409b824191099700e66 \
    --hash=sha256:0beceaabe56af686895136a2de78db54ecd8e4046b236b8fd6d6cb61389e9bf2 \
    --hash=sha256:154852545011f779917b11c78db2358d095da62a9a172b78ad0a583ee5adc0d0 \
    --hash=sha256:194cffa889098ced9976c3fc6340305e43f6303657d298da55366907c05c22d6 \
    --hash=sha256:19ee6127ee34de7d83ce3d371ebc5ed91addbdcc39f9ab15ce4eb35a4e534971 \
    --hash=sha256:1a18a57b58cfb21fc28d72e876acf10eaed67a1ed96226f92af4df681d571c4c \
    --hash=sha256:1aa5645c30469b09530c4ebca77ebf8f17618293c58f8549cb1a543a50236e7d \
    --hash=sha256:1dea0e4d7d4f11f619fe8c1d76caf49e24405b4b5743c0e3be16a500ecd930c9 \
    --hash=sha256:208f941bb9d18e768138677f0a6d2ce01f590df56043dda1df1535ac57c88517 \
    --hash=sha256:210019b6c7cf07f081b4c54635c8cf744377001350e29cc0f81c4377b4797735 \
    --hash=sha256:246fa40ce8645a614ff682e0b70f37134e460eaf93a775e0cbe3cca585a67a80 \
    --hash=sha256:25792eac27877609e7bb06d42ff88278a6624fff2ba9bbb523c09616b117e80f \
    --hash=sha256:27350daa11d4f10c540e6e89dada4c54feb7256ad03e9a4dc075ebad7ba360d1 \
    --hash=sha256:28907ab9bfb6aa13184cfc17c6b8e1023c5ab6fd7076d8c20a35e59fe04f8f29 \
    --hash=sha256:2ae64be792b8966f2c69538199728b290e34726562896df1e5dc8ffd8d8188e8 \
    --hash=sha256:31348097ff5bbe827ccc41795d4dd099d9f0625e7def00ee653c137a490c2a6c \
    --hash=sha256:3143d81e29e1e20a9ce10901ec369012947876596f75a222235965f2b7ae832e \
    --hash=sha256:3222ba5d678f80a030e6afbcc33dc1ae5cb45facabb61cee2c7016b8432fde48 \
    --hash=sha256:3311ed60d36f83378794e1009ac6258bafbf81f7888b4caa7b35a521e3f95813 \
    --hash=sha256:334644fbac4eff73d985a17a91226df55d0f394160c4cfb880e084c8f7161cac \
    --hash=sha256:34e261f78cb6ceaaa36f42f2613f4380d94d9c759a9c73c769ee6e0247364632 \
    --hash=sha256:363e05fa78e15116c3c32c210ee36884fd6b9afa6d440e47112c3bd511d64cb6 \
    --hash=sha256:398aff33cee2767e3e781d2554c54bd0dff386bb437581e0d8011fde1a942ec1 \
    --hash=sha256:3d22a20b1fb1632cc72c22f95f7b0d2961c3e1c235f245ba4c606c4771035659 \
    --hash=sha256:42a494cee34437f05546455144f2b5d9ac09b1face62bcfce597d2e521066688 \
    --hash=sha256:42e2f76b9455f5a9a844f770bf3e200ed3da0e15f5df3db9c31fe80b04b3d004 \
    --hash=sha256:42f6930c31dc7f50732c9ae793c2786c7b6b044195967bbdde40bb9be81c4cc0 \
    --hash=sha256:456a61fa52d579ebf9df2e9552ead5129855dbaff6c1e5a9b1bc408809bdc062 \
    --hash=sha256:471cee653ae88de62096552e6d24ccb4a5adb8c8c9f10b5054d0122c15bf2779 \
    --hash=sha256:49cbc70e6542d4ccccb936558d1064a8012541e78f821f955cff24e357776c94 \
    --hash=sha256:4a7c934f7360e8cd64fe9efadcbd10c7c6364f531e432b9a4bf5ccbc9e0e8b50 \
    --hash=sha256:4be96343e422f2dfcd12ab5c9f5aebe03f82f737c6bffeca6830b3875cb44aab \
    --hash=sha256:4f42141fc14250de6dde5ee7ea4432be017252d91f19c5ad043c084cea629cac \
    --hash=sha256:507a24c282e0f42f8ed737cf048572cbf580468da5555764a8331735e9c736b6 \
    --hash=sha256:51b31d1c98274844cfd7838ce00bfc27c7423a4dc00fc0772fc3331c2cc90676 \
    --hash=sha256:58acb8ab8e295e6c5ea12f888cbb13cf21511ef2a3303a23f4325c29d17fe5c1 \
    --hash=sha256:5a59cc1c4442bc3d5c703bf720b51138d0bfc173618807c9ee2490a7541dd3d9 \
    --hash=sha256:5bb4e7ea95dcd6a014a6fef62e62467d67d8e582326443f3d68e71d6320a9fcf \
    --hash=sha256:5c58fe613dc5e5336357eff555824a314d8e43282600435c8d1cb6a7a2fedd13 \
    --hash=sha256:5e7cecbaadb83884793e05828cee59b210b24583b9c7425d0ba6a754fe22eb4e \
    --hash=sha256:616f097f2fe415bc92a247f02e11f634e1f9e9a83d327e3c915c15089c87869e \
    --hash=sha256:63bbfd5ded17c4840ac07cd8f1c21ba9d9708141f840b324f422f41b207e3973 \
    --hash=sha256:64faea20f4e2613363a1a9b9c7dd73058f3ecd00133a511e72ad7c511658f527 \
    --hash=sha256:661c298b4821edebead0c91edd2b00374d67ad7c5a1f7a91d4442633b79d6a72 \
    --hash=sha256:68e62fe11f30d5ca8289242866f0a5291402d8529ca2178ab8afc5c9694ae890 \
    --hash=sha256:6a8dddef476fab96d066d578fc88526767b836ab5ab21754e1d5bf3879c31c7c \
    --hash=sha256:6e192623c49c94421616a5778fba35cf0d5a8d000650c1967ef4448ee5cdd990 \
    --hash=sha256:7225e4514edb64eb6740324353e0da0711954fd8d7da4576755b1c6e09b697cd \
    --hash=sha256:75f80557d1389eddbd0de2681f6a390a0c5338c31ddaa821381c203fc3fd50d9 \
    --hash=sha256:770de9db11e84213beec501cfcaa013b019820ca881e03344dea5844f7876d94 \
    --hash=sha256:7750c6449dff7864bb9bb27ddfb0267756189201a3afc911d82b3caacd70dfc3 \
    --hash=sha256:7bde5e4cc5c10140859842b9d383af292b22639a4dffb725314baf45968cef80 \
    --hash=sha256:7ce713ace7c0e4520535b42b77eaa742c16dab813978064913e5a3cf82973b41 \
    --hash=sha256:7da0c5eff80f0197f3b3d1232ec5a682a9325f4ae9016a78f5f5ca35f9ced1f5 \
    --hash=sha256:7dbb61fe3a7699468030f71bbe5f8a0e326a151daa91beb11a6fc1f980c55e1c \
    --hash=sha256:811bd1e21d32de12efca32393a0ab3f5133b54fce9bd44b8bd77ab07da14bf6a \
    --hash=sha256:8ef53b2de9bcb9197d31854256575d59dbac0cba72ac627bb291ef5eceb74be4 \
    --hash=sha256:937c0052c05a31ca1daf18de3158eed4dbfcb9cc107adbea227728d647be701e \
    --hash=sha256:9d2055050ea716bd38b7f7f1579c275386646b4894c155a3e2f3cd62ed41b7c6 \
    --hash=sha256:9f8d177621de5cb38ee3e731eda45d421db093ec0739f46a5594babda7987a98 \
    --hash=sha256:a2d7755bef5a12ed488f4ef1f1b69ee9191d7396083b755a5d2295f6edb4768b \
    --hash=sha256:a48d62ab9d6f4f98c983223a547af44be6ca3691074c31cecced6facd3ba2dc1 \
    --hash=sha256:a4f00aa42f75d6e4595e8866e748cc1705adc0cddfeb2ca86d0d03993d63ba03 \
    --hash=sha256:a6e721d4b0e45d5b65e87534470e67b18dcd092c83f68fba09f152b9cbc061af \
    --hash=sha256:a730a083190634c65cca36ba5f489531576ebd79bcd5c8e172130f6453127231 \
    --hash=sha256:a931079504ecc49efed7744c476a5c343a92fabf66dec2db95edb1b2fdc770e2 \
    --hash=sha256:aa9511c62d14da7aacc9b4bf51f3f697a621e83b2d6919008243c3aad168eea3 \
    --hash=sha256:ab36d55f9ed2d067327667c2fea18dda018eb628dd6347aa01dda6cf1f5d3836 \
    --hash=sha256:ad2c86c495b899d862ea0f4b42891b8713a3bd45dd4105c7fd51c2a72f39f3a5 \
    --hash=sha256:aeae0e330c9f6acd681f647d46cefd30c29f93e3392882e792e82080c9691399 \
    --hash=sha256:b0431303acaea1089ad4b3e9ce4e6518193def1118d4073ca848635ee4ea2e96 \
    --hash=sha256:b5bdfd1c873d4e093aabc0ca84c4ca6dbc4f752afb5c86f146d9742580c9da2e \
    --hash=sha256:baed1e86cc735622097354b9d1281406caf42ff42a886d29faa8e8d1630333be \
    --hash=sha256:c1453022f490d2459a11819d83ad1d586e9ff65a12ac3e705ffebd46d3685dcf \
    --hash=sha256:c26608d2222fb1e94487e4a387d85f13eb55d5ed725cb25a0c589ac4ee60e7bc \
    --hash=sha256:c7659f22557c5a0bc4855cd635f55edec690cc008a40768527762cb9fb263455 \
    --hash=sha256:c8c69575568085ba0b1b10c0249d779a214aea6f6522e949a0fc9fb0fcb449d0 \
    --hash=sha256:c8d2c9fd1f2d16f780d15127abb050d13d1a76c03a4bd87d7e4980e45e511e12 \
    --hash=sha256:ca82be1a1d406ecfe1d25dc16cb33488e5a16bf4438c9fb590484ea29d92478b \
    --hash=sha256:cc572dace3f60ef98d7b12ff411d20f5362feb31a0439eab0085bbfd349982d7 \
    --hash=sha256:d18e5ac0f2f03f4f518d3e23db0f0cad7faa1da8620e9c09461d443bbf6e6692 \
    --hash=sha256:d28630f5854ab07ab1fd4aba756de52326c82e6be15d414b12793f1975048b54 \
    --hash=sha256:d9c275eaacd24aa73f94ffd6de08fc3f932424d8b6c376f4bed7cde376fe7bc3 \
    --hash=sha256:da0e573f9f97159390c89d9f1a9e41908b66d408cc5b58d08cf3847d844c531b \
    --hash=sha256:dd31f52ea1086513bb9df30f8fcee9b8918323ae067a3d5b78bc826a000712be \
    --hash=sha256:dddad92b554513a31f272570678ba307fb9f618f05e3d4a5eacafff9eae03e1d \
    --hash=sha256:df423d40ee8654634421812bc3b196da3f9bd7d32929da813f8394c4348a5358 \
    --hash=sha256:df913725b79db7bcf03448f36b7bf8815363417d5b58deecf9305e3e30f0f21a \
    --hash=sha256:e0bcb7e0f677f543555d2adff3bf19c05f66cdb4796e5ff602442ab2fe3c4ef7 \
    --hash=sha256:e2d65b31f36619cda3999b78b2aa9632e76b78448e7a56fc4240824200e7c4fc \
    --hash=sha256:e6e8cff14d6fb0be70a09c0bdc58096f501952d04624ebf867e0e56da2df8960 \
    --hash=sha256:f16c709686a78c727bbbf059f92b0bf41c6fc60deec706d2dc19f529175a6125 \
    --hash=sha256:f24fb43132a4c6b4cb4eb029492919b2db645be6808d738f244fd146c03c32cb \
    --hash=sha256:f53e442b08449d42821fa4a4fba000095af9f62742a500f978a9f557ec44339a \
    --hash=sha256:f5cfbc5fe74540d335175b656c725d74d90e3730c626d92575eea35029d9afaa \
    --hash=sha256:f81b3b8f3d4e343550fa4baa0e479bba9f2d29ce9c2e9b51d1ce1718d7442fcf \
    --hash=sha256:f8ec5e643a9a937f64e1999eb9f75d072263751912dc5cd06d3c85f8f44be7c3 \
    --hash=sha256:fb92203a88b3d3053034db775110081c49d28be6551923805e039924093761e4 \
    --hash=sha256:fcd22650c908d7b7da162bbfaab594a1227a15d1643a98c68b122ac642fa2264
    # via cryptography
click==8.4.2 \
    --hash=sha256:9a6cea6e60b17ebe0a44c5cc636d94f09bd66142c1cd7d8b4cd731c4917a15f6 \
    --hash=sha256:e6f9f66136c816745b9d65817da91d61d957fb16e02e4dcd0552553c5a197b76
    # via
    #   celery
    #   click-didyoumean
    #   click-plugins
    #   click-repl
click-didyoumean==0.3.1 \
    --hash=sha256:4f82fdff0dbe64ef8ab2279bd6aa3f6a99c3b28c05aa09cbfc07c9d7fbb5a463 \
    --hash=sha256:5c4bb6007cfea5f2fd6583a2fb6701a22a41eb98957e63d0fac41c10e7c3117c
    # via celery
click-plugins==1.1.1.2 \
    --hash=sha256:008d65743833ffc1f5417bf0e78e8d2c23aab04d9745ba817bd3e71b0feb6aa6 \
    --hash=sha256:d7af3984a99d243c131aa1a828331e7630f4a88a9741fd05c927b204bcf92261
    # via celery
click-repl==0.3.0 \
    --hash=sha256:17849c23dba3d667247dc4defe1757fff98694e90fe37474f3feebb69ced26a9 \
    --hash=sha256:fb7e06deb8da8de86180a33a9da97ac316751c094c6899382da7feeeeb51b812
    # via celery
cryptography==43.0.3 \
    --hash=sha256:0c580952eef9bf68c4747774cde7ec1d85a6e61de97281f2dba83c7d2c806362 \
    --hash=sha256:0f996e7268af62598f2fc1204afa98a3b5712313a55c4c9d434aef49cadc91d4 \
    --hash=sha256:1ec0bcf7e17c0c5669d881b1cd38c4972fade441b27bda1051665faaa89bdcaa \
    --hash=sha256:281c945d0e28c92ca5e5930664c1cefd85efe80e5c0d2bc58dd63383fda29f83 \
    --hash=sha256:2ce6fae5bdad59577b44e4dfed356944fbf1d925269114c28be377692643b4ff \
    --hash=sha256:315b9001266a492a6ff443b61238f956b214dbec9910a081ba5b6646a055a805 \
    --hash=sha256:443c4a81bb10daed9a8f334365fe52542771f25aedaf889fd323a853ce7377d6 \
    --hash=sha256:4a02ded6cd4f0a5562a8887df8b3bd14e822a90f97ac5e544c162899bc467664 \
    --hash=sha256:53a583b6637ab4c4e3591a15bc9db855b8d9dee9a669b550f311480acab6eb08 \
    --hash=sha256:63efa177ff54aec6e1c0aefaa1a241232dcd37413835a9b674b6e3f0ae2bfd3e \
    --hash=sha256:74f57f24754fe349223792466a709f8e0c093205ff0dca557af51072ff47ab18 \
    --hash=sha256:7e1ce50266f4f70bf41a2c6dc4358afadae90e2a1e5342d3c08883df1675374f \
    --hash=sha256:81ef806b1fef6b06dcebad789f988d3b37ccaee225695cf3e07648eee0fc6b73 \
    --hash=sha256:846da004a5804145a5f441b8530b4bf35afbf7da70f82409f151695b127213d5 \
    --hash=sha256:8ac43ae87929a5982f5948ceda07001ee5e83227fd69cf55b109144938d96984 \
    --hash=sha256:9762ea51a8fc2a88b70cf2995e5675b38d93bf36bd67d91721c309df184f49bd \
    --hash=sha256:a2a431ee15799d6db9fe80c82b055bae5a752bef645bba795e8e52687c69efe3 \
    --hash=sha256:bf7a1932ac4176486eab36a19ed4c0492da5d97123f1406cf15e41b05e787d2e \
    --hash=sha256:c2e6fc39c4ab499049df3bdf567f768a723a5e8464816e8f009f121a5a9f4405 \
    --hash=sha256:cbeb489927bd7af4aa98d4b261af9a5bc025bd87f0e3547e11584be9e9427be2 \
    --hash=sha256:d03b5621a135bffecad2c73e9f4deb1a0f977b9a8ffe6f8e002bf6c9d07b918c \
    --hash=sha256:d56e96520b1020449bbace2b78b603442e7e378a9b3bd68de65c782db1507995 \
    --hash=sha256:df6b6c6d742395dd77a23ea3728ab62f98379eff8fb61be2744d4679ab678f73 \
    --hash=sha256:e1be4655c7ef6e1bbe6b5d0403526601323420bcf414598955968c9ef3eb7d16 \
    --hash=sha256:f18c716be16bc1fea8e95def49edf46b82fccaa88587a45f8dc0ff6ab5d8e0a7 \
    --hash=sha256:f46304d6f0c6ab8e52770addfa2fc41e6629495548862279641972b6215451cd \
    --hash=sha256:f7b178f11ed3664fd0e995a47ed2b5ff0a12d893e41dd0494f406d1cf555cab7
    # via -r requirements.in
django==5.1.8 \
    --hash=sha256:11b28fa4b00e59d0def004e9ee012fefbb1065a5beb39ee838983fd24493ad4f \
    --hash=sha256:42e92a1dd2810072bcc40a39a212b693f94406d0ba0749e68eb642f31dc770b4
    # via
    #   -r requirements.in
    #   djangorestframework
django-environ==0.11.2 \
    --hash=sha256:0ff95ab4344bfeff693836aa978e6840abef2e2f1145adff7735892711590c05 \
    --hash=sha256:f32a87aa0899894c27d4e1776fa6b477e8164ed7f6b3e410a62a6d72caaf64be
    # via -r requirements.in
djangorestframework==3.15.2 \
    --hash=sha256:2b8871b062ba1aefc2de01f773875441a961fefbf79f5eed1e32b2f096944b20 \
    --hash=sha256:36fe88cd2d6c6bec23dca9804bab2ba5517a8bb9d8f47ebc68981b56840107ad
    # via -r requirements.in
gunicorn==23.0.0 \
    --hash=sha256:ec400d38950de4dfd418cff8328b2c8faed0edb0d517d3394e457c317908ca4d \
    --hash=sha256:f014447a0101dc57e294f6c18ca6b40227a4c90e9bdb586042628030cba004ec
    # via -r requirements.in
kombu==5.6.2 \
    --hash=sha256:8060497058066c6f5aed7c26d7cd0d3b574990b09de842a8c5aaed0b92cc5a55 \
    --hash=sha256:efcfc559da324d41d61ca311b0c64965ea35b4c55cc04ee36e55386145dace93
    # via celery
packaging==26.3 \
    --hash=sha256:94edc256424af38762eb31306eed28beb9f0efc50a8837492c9d6fd6004aed79 \
    --hash=sha256:d7193f7c8e4e93f444fde0262bf90af30e16fa0ad0ad44cb553c87339b23cd1c
    # via
    #   gunicorn
    #   kombu
prompt-toolkit==3.0.53 \
    --hash=sha256:01c0891d7f9237d5e339f7d3e42cdae80b7534abb1c7c0e3352efba6231492f2 \
    --hash=sha256:9ec8a0ad96d5c56148b3f914aa79c1564c3fde5d2e6b876e7bc327e353cf8fa6
    # via click-repl
psycopg[binary]==3.2.6 \
    --hash=sha256:16fa094efa2698f260f2af74f3710f781e4a6f226efe9d1fd0c37f384639ed8a \
    --hash=sha256:f3ff5488525890abb0566c429146add66b329e20d6d4835662b920cbbf90ac58
    # via -r requirements.in
psycopg-binary==3.2.6 \
    --hash=sha256:030e9c3082a931e972b029b3cef085784a3bf7f8e18367ae50d5b809aa6e1d87 \
    --hash=sha256:05560c81312d7c2bee95a9860cd25198677f2320fb4a3527bc04e8cae7fcfb64 \
    --hash=sha256:0690ac1061c655b1bcbe9284d07bf5276bc9c0d788a6c74aaf3b042e64984b83 \
    --hash=sha256:0f4699fa5fe1fffb0d6b2d14b31fd8c29b7ea7375f89d5989f002aaf21728b21 \
    --hash=sha256:1b5c359173726b38d7acbb9f73270f269591d8031d099c1a70dd3f3d22b0e8a8 \
    --hash=sha256:1b639acb3e24243c23f75700bf6e3af7b76da92523ec7c3196a13aaf0b578453 \
    --hash=sha256:1b7e3ccc43c395edba8039c9e407b01ed1844304c7f2f4aa99d34d04ed067c83 \
    --hash=sha256:1e2efb763188008cf2914820dcb9fb23c10fe2be0d2c97ef0fac7cec28e281d8 \
    --hash=sha256:260c43c329e668606388cee78ec0dab083a25c2c6e6f9cf74a130fd5a27b0f87 \
    --hash=sha256:274794b4b29ef426e09086404446b61a146f5e756da71366c5a6d57abec31f7d \
    --hash=sha256:28505f52ceef60554b5ab3289bf5aed2e7e57fa8e9a59a979d82db944e256a6c \
    --hash=sha256:2e0f4a17a9c376c195e403b4826c18f325bd28f425231d36d1036258bf893e23 \
    --hash=sha256:2e118d818101c1608c6b5ba52a6c977614d8f05aa89467501172ba4d10588e11 \
    --hash=sha256:2fbc05819560389dbece046966bc88e0f2ea77673497e274c4293b8b4c1d0703 \
    --hash=sha256:3434efe7c00f505f4c1e531519dac6c701df738ba7a1328eac81118d80019132 \
    --hash=sha256:34bb0fceba0773dc0bfb53224bb2c0b19dc97ea0a997a223615484cf02cae55c \
    --hash=sha256:36f598300b55b3c983ae8df06473ad27333d2fd9f3e2cfdb913b3a5aaa3a8bcf \
    --hash=sha256:3761c4107dab218c32ce4b10b1ae5ed686d41b882bfcb05f5bebc2be9488442f \
    --hash=sha256:3c0cddc7458b8416d77cd8829d0192466502f31d1fb853d58613cf13ac64f41c \
    --hash=sha256:4269cd23a485d6dd6eb6b10841c94551a53091cf0b1b6d5247a6a341f53f0d95 \
    --hash=sha256:45f1526e12cb480586c74670f46563d3090fc2a93e859ccf71efae61f04cef4b \
    --hash=sha256:4b3aab3451679f1e7932270e950259ed48c3b79390022d3f660491c0e65e4838 \
    --hash=sha256:532322d9ef6e7d178a4f344970b017110633bcc3dc1c3403efcef55aad612517 \
    --hash=sha256:54120122d2779dcd307f49e1f921d757fe5dacdced27deab37f277eef0c52a5b \
    --hash=sha256:54af3fbf871baa2eb19df96fd7dc0cbd88e628a692063c3d1ab5cdd00aa04322 \
    --hash=sha256:55fa40f11d37e6e5149a282a5fd7e0734ce55c623673bfba638480914fd1414c \
    --hash=sha256:566d4ace928419d91f1eb3227fc9ef7b41cf0ad22e93dd2c3368d693cf144408 \
    --hash=sha256:58d5cfb1687b69b3484a034d1aa6e5c11f0c1d46757e978ed59fab59ce83fd37 \
    --hash=sha256:58f443b4df2adb59937c96775fadf4967f93d952fbcc82394446985faec11041 \
    --hash=sha256:5a57f99bb953b4bd6f32d0a9844664e7f6ca5ead9ba40e96635be3cd30794813 \
    --hash=sha256:5de6809e19a465dcb9c269675bded46a135f2d600cd99f0735afbb21ddad2af4 \
    --hash=sha256:66c3bed2caf0d1cabcb9365064de183b5209a7cbeaa131e79e68f350c9c963c2 \
    --hash=sha256:69845bdc0db519e1dfc27932cd3d5b1ecb3f72950af52a1987508ab0b52b3b55 \
    --hash=sha256:6c5172ce3e4ae7a4fd450070210f801e2ce6bc0f11d1208d29268deb0cda34de \
    --hash=sha256:763319a8bfeca77d31512da71f5a33459b9568a7621c481c3828c62f9c38f351 \
    --hash=sha256:7942f35a6f314608720116bcd9de240110ceadffd2ac5c34f68f74a31e52e46a \
    --hash=sha256:7adf1460c05f7366f0fe9cf2d24e46abca9eb621705322bbd0c3f3e3a5edb2b4 \
    --hash=sha256:7afe181f6b3eb714362e9b6a2dc2a589bff60471a1d8639fd231a4e426e01523 \
    --hash=sha256:816aa556f63b2303e66ba6c8888a8b3f3e6e4e47049ec7a4d62c84ac60b091ca \
    --hash=sha256:849a370ac4e125f55f2ad37f928e588291a67ccf91fa33d0b1e042bb3ee1f986 \
    --hash=sha256:880c5fd76dcb50bdcc8f87359e5a6c7eb416697cc9aa02854c91223bd999c045 \
    --hash=sha256:8d55405efc8a96aa0ecb2d5d6af552d35c744f160b133fa690814a68d9a952c8 \
    --hash=sha256:8fa1c920cce16f1205f37b20c685c58b9656b170b8b4c93629100d342d0d118e \
    --hash=sha256:9870e51fad4684dbdec057fa757d65e61cb2acb16236836e9360044c2a1ec880 \
    --hash=sha256:9bca8d9643191b13193940bbf84d51ac5a747e965c230177258fb02b8043fb7a \
    --hash=sha256:ac46da609624b16d961f604b3cbc3233ef43211ef1456a188f8c427109c9c3e1 \
    --hash=sha256:ad5da1e4636776c21eaeacdec42f25fa4612631a12f25cd9ab34ddf2c346ffb9 \
    --hash=sha256:afe697b8b0071f497c5d4c0f41df9e038391534f5614f7fb3a8c1ca32d66e860 \
    --hash=sha256:b30ee4821ded7de48b8048b14952512588e7c5477b0a5965221e1798afba61a1 \
    --hash=sha256:b4d4fd4415d5219785fb082e28d84be4fbd90c3bff3d861877db0aa6b0edd70b \
    --hash=sha256:b60c9ed291fbd5e777c2c630dcfd10b7a87d68512b0757d5e7406d9c4895a82a \
    --hash=sha256:bcfab3804c43571a6615e559cdc4c4115785d258a4dd71a721be033f5f5f378d \
    --hash=sha256:d19a0ba351eda9a59babf8c7c9d89c7bbc5b26bf096bc349b096bd0dd2482088 \
    --hash=sha256:d6e197e01290ef818a092c877025fc28096adbb6d0743e313491a21aab31bd96 \
    --hash=sha256:d6f2894cc7aee8a15fe591e8536911d9c015cb404432cf7bdac2797e54cb2ba8 \
    --hash=sha256:da5554553b8d9fb7ab6bb1a37cc53f20ada9024916c60f40c09ab1a675323f2f \
    --hash=sha256:e3ae3201fe85c7f901349a2cf52f02ceca4cb97a5e2e2ac8b8a1c9a6eb747bed \
    --hash=sha256:e57edf3b1f5427f39660225b01f8e7b97f5cfab132092f014bf1638bc85d81d2 \
    --hash=sha256:e77949b8e7014b85cee0bf6e9e041bcae7719b2693ebf59236368fb0b2a08814 \
    --hash=sha256:e9a4a9967ff650d2821d5fad6bec7b15f4c2072603e9fa3f89a39f351ade1fd3 \
    --hash=sha256:ea158665676f42b19585dfe948071d3c5f28276f84a97522fb2e82c1d9194563 \
    --hash=sha256:eb8a1e6b8130fee0b48107739e09553d50c6f031d0b3fcc33f885bb64fa01105 \
    --hash=sha256:f1981f13b10de2f11cfa2f99a8738b35b3f0a0f3075861446894a8d3042430c0 \
    --hash=sha256:f27a46ff0497e882e8c0286e8833c785b4d1a80f23e1bf606f4c90e5f9f3ce75 \
    --hash=sha256:f7956b9ea56f79cd86eddcfbfc65ae2af1e4fe7932fa400755005d903c709370
    # via psycopg
pycparser==3.0 \
    --hash=sha256:600f49d217304a5902ac3c37e1281c9fe94e4d0489de643a9504c5cdfdfc6b29 \
    --hash=sha256:b727414169a36b7d524c1c3e31839a521725078d7b2ff038656844266160a992
    # via cffi
python-dateutil==2.9.0.post0 \
    --hash=sha256:37dd54208da7e1cd875388217d5e00ebd4179249f90fb72437e91a35459a0ad3 \
    --hash=sha256:a8b2bc7bffae282281c8140a97d3aa9c14da0b136dfe83f850eea9a5f7470427
    # via celery
redis==5.2.1 \
    --hash=sha256:16f2e22dff21d5125e8481515e386711a34cbec50f0e44413dd7d9c060a54e0f \
    --hash=sha256:ee7e1056b9aea0f04c6c2ed59452947f34c4940ee025f5dd83e6a6418b6989e4
    # via
    #   -r requirements.in
    #   celery
six==1.17.0 \
    --hash=sha256:4721f391ed90541fddacab5acf947aa0d3dc7d27b2e1e8eda2be8970586c3274 \
    --hash=sha256:ff70335d468e7eb6ec65b95b99d3a2836546063f63acc5171de367e834932a81
    # via python-dateutil
sqlparse==0.6.0 \
    --hash=sha256:113c35c75365ab9cc9c7231d68c6428fb11c085fc8e9eb1ad659b7ddbf6cd2b9 \
    --hash=sha256:b861c0288ce2fa56209a9a6412d2e066ac664b3873b89c26c9d8415e8e32996f
    # via django
typing-extensions==4.16.0 \
    --hash=sha256:481caa481374e813c1b176ada14e97f1f67a4539ce9cfeb3f350d78d6370c2e8 \
    --hash=sha256:dc983d19a509c94dba722ee6abd33940f7c05a89e243c47e907eb4db6f1a43e5
    # via
    #   asgiref
    #   psycopg
tzdata==2026.3 \
    --hash=sha256:4a1518b8993086a7982523e071643f3c0e5f213e75b21318e78bcabfff9d1415 \
    --hash=sha256:dc096730c87af6cab1b171c9d532be840741ff5d459015e7f6947bd7d7e54931
    # via
    #   celery
    #   kombu
vine==5.1.0 \
    --hash=sha256:40fdf3c48b2cfe1c38a49e9ae2da6fda88e4794c810050a728bd7413811fb1dc \
    --hash=sha256:8b62e981d35c41049211cf62a0a1242d8c1ee9bd15bb196ce38aefd6799e61e0
    # via
    #   amqp
    #   celery
    #   kombu
wcwidth==0.8.2 \
    --hash=sha256:91fbef97204b96a3d4d421609b80340b760cf33e26da123ff243d76b1fda8dda \
    --hash=sha256:d63947694a0539a1d51e01eda7caf800c291020e6cdd7e28ad7b14dd33ad4f85
    # via prompt-toolkit
whitenoise==6.8.2 \
    --hash=sha256:486bd7267a375fa9650b136daaec156ac572971acc8bf99add90817a530dd1d4 \
    --hash=sha256:df12dce147a043d1956d81d288c6f0044147c6d2ab9726e5772ac50fb45d2280
    # via -r requirements.in
